
Microsoft Visual Studio Solution File, Format Version 12.00
# Visual Studio Version 16
VisualStudioVersion = 16.0.30804.86
MinimumVisualStudioVersion = 15.0.26124.0
Project("{9A19103F-16F7-4668-BE54-9A1E7A4F7556}") = "AutoLot.Samples", "AutoLot.Samples\AutoLot.Samples.csproj", "{F03097DD-24BB-433B-BCB8-BD255E487CE0}"
EndProject
Global
	GlobalSection(SolutionConfigurationPlatforms) = preSolution
		Debug|Any CPU = Debug|Any CPU
		Debug|x64 = Debug|x64
		Debug|x86 = Debug|x86
		Release|Any CPU = Release|Any CPU
		Release|x64 = Release|x64
		Release|x86 = Release|x86
	EndGlobalSection
	GlobalSection(ProjectConfigurationPlatforms) = postSolution
		{F03097DD-24BB-433B-BCB8-BD255E487CE0}.Debug|Any CPU.ActiveCfg = Debug|Any CPU
		{F03097DD-24BB-433B-BCB8-BD255E487CE0}.Debug|Any CPU.Build.0 = Debug|Any CPU
		{F03097DD-24BB-433B-BCB8-BD255E487CE0}.Debug|x64.ActiveCfg = Debug|Any CPU
		{F03097DD-24BB-433B-BCB8-BD255E487CE0}.Debug|x64.Build.0 = Debug|Any CPU
		{F03097DD-24BB-433B-BCB8-BD255E487CE0}.Debug|x86.ActiveCfg = Debug|Any CPU
		{F03097DD-24BB-433B-BCB8-BD255E487CE0}.Debug|x86.Build.0 = Debug|Any CPU
		{F03097DD-24BB-433B-BCB8-BD255E487CE0}.Release|Any CPU.ActiveCfg = Release|Any CPU
		{F03097DD-24BB-433B-BCB8-BD255E487CE0}.Release|Any CPU.Build.0 = Release|Any CPU
		{F03097DD-24BB-433B-BCB8-BD255E487CE0}.Release|x64.ActiveCfg = Release|Any CPU
		{F03097DD-24BB-433B-BCB8-BD255E487CE0}.Release|x64.Build.0 = Release|Any CPU
		{F03097DD-24BB-433B-BCB8-BD255E487CE0}.Release|x86.ActiveCfg = Release|Any CPU
		{F03097DD-24BB-433B-BCB8-BD255E487CE0}.Release|x86.Build.0 = Release|Any CPU
	EndGlobalSection
	GlobalSection(SolutionProperties) = preSolution
		HideSolutionNode = FALSE
	EndGlobalSection
	GlobalSection(ExtensibilityGlobals) = postSolution
		SolutionGuid = {1C28B652-3ECE-4C8B-8F0F-07DF9AA8FE1C}
	EndGlobalSection
EndGlobal
