
Microsoft Visual Studio Solution File, Format Version 12.00
# Visual Studio 15
VisualStudioVersion = 15.0.26124.0
MinimumVisualStudioVersion = 15.0.26124.0
Project("{FAE04EC0-301F-11D3-BF4B-00C04F79EFBC}") = "DynamicKeyword", "DynamicKeyword\DynamicKeyword.csproj", "{81C00E1E-0295-4036-9B0B-E4E974282C87}"
EndProject
Project("{FAE04EC0-301F-11D3-BF4B-00C04F79EFBC}") = "ExportDataToOfficeApp", "ExportDataToOfficeApp\ExportDataToOfficeApp.csproj", "{21AE35E3-FCC1-46FD-9A5E-81353AB184A9}"
EndProject
Project("{FAE04EC0-301F-11D3-BF4B-00C04F79EFBC}") = "MathLibrary", "MathLibrary\MathLibrary.csproj", "{D0EC4B70-1480-404C-B73A-173907656361}"
EndProject
Project("{FAE04EC0-301F-11D3-BF4B-00C04F79EFBC}") = "LateBindingWithDynamic", "LateBindingWithDynamic\LateBindingWithDynamic.csproj", "{145BB5A2-8A31-4D2B-915C-26A7BB24C867}"
EndProject
Global
	GlobalSection(SolutionConfigurationPlatforms) = preSolution
		Debug|Any CPU = Debug|Any CPU
		Debug|x64 = Debug|x64
		Debug|x86 = Debug|x86
		Release|Any CPU = Release|Any CPU
		Release|x64 = Release|x64
		Release|x86 = Release|x86
	EndGlobalSection
	GlobalSection(SolutionProperties) = preSolution
		HideSolutionNode = FALSE
	EndGlobalSection
	GlobalSection(ProjectConfigurationPlatforms) = postSolution
		{81C00E1E-0295-4036-9B0B-E4E974282C87}.Debug|Any CPU.ActiveCfg = Debug|Any CPU
		{81C00E1E-0295-4036-9B0B-E4E974282C87}.Debug|Any CPU.Build.0 = Debug|Any CPU
		{81C00E1E-0295-4036-9B0B-E4E974282C87}.Debug|x64.ActiveCfg = Debug|Any CPU
		{81C00E1E-0295-4036-9B0B-E4E974282C87}.Debug|x64.Build.0 = Debug|Any CPU
		{81C00E1E-0295-4036-9B0B-E4E974282C87}.Debug|x86.ActiveCfg = Debug|Any CPU
		{81C00E1E-0295-4036-9B0B-E4E974282C87}.Debug|x86.Build.0 = Debug|Any CPU
		{81C00E1E-0295-4036-9B0B-E4E974282C87}.Release|Any CPU.ActiveCfg = Release|Any CPU
		{81C00E1E-0295-4036-9B0B-E4E974282C87}.Release|Any CPU.Build.0 = Release|Any CPU
		{81C00E1E-0295-4036-9B0B-E4E974282C87}.Release|x64.ActiveCfg = Release|Any CPU
		{81C00E1E-0295-4036-9B0B-E4E974282C87}.Release|x64.Build.0 = Release|Any CPU
		{81C00E1E-0295-4036-9B0B-E4E974282C87}.Release|x86.ActiveCfg = Release|Any CPU
		{81C00E1E-0295-4036-9B0B-E4E974282C87}.Release|x86.Build.0 = Release|Any CPU
		{21AE35E3-FCC1-46FD-9A5E-81353AB184A9}.Debug|Any CPU.ActiveCfg = Debug|Any CPU
		{21AE35E3-FCC1-46FD-9A5E-81353AB184A9}.Debug|Any CPU.Build.0 = Debug|Any CPU
		{21AE35E3-FCC1-46FD-9A5E-81353AB184A9}.Debug|x64.ActiveCfg = Debug|Any CPU
		{21AE35E3-FCC1-46FD-9A5E-81353AB184A9}.Debug|x64.Build.0 = Debug|Any CPU
		{21AE35E3-FCC1-46FD-9A5E-81353AB184A9}.Debug|x86.ActiveCfg = Debug|Any CPU
		{21AE35E3-FCC1-46FD-9A5E-81353AB184A9}.Debug|x86.Build.0 = Debug|Any CPU
		{21AE35E3-FCC1-46FD-9A5E-81353AB184A9}.Release|Any CPU.ActiveCfg = Release|Any CPU
		{21AE35E3-FCC1-46FD-9A5E-81353AB184A9}.Release|Any CPU.Build.0 = Release|Any CPU
		{21AE35E3-FCC1-46FD-9A5E-81353AB184A9}.Release|x64.ActiveCfg = Release|Any CPU
		{21AE35E3-FCC1-46FD-9A5E-81353AB184A9}.Release|x64.Build.0 = Release|Any CPU
		{21AE35E3-FCC1-46FD-9A5E-81353AB184A9}.Release|x86.ActiveCfg = Release|Any CPU
		{21AE35E3-FCC1-46FD-9A5E-81353AB184A9}.Release|x86.Build.0 = Release|Any CPU
		{D0EC4B70-1480-404C-B73A-173907656361}.Debug|Any CPU.ActiveCfg = Debug|Any CPU
		{D0EC4B70-1480-404C-B73A-173907656361}.Debug|Any CPU.Build.0 = Debug|Any CPU
		{D0EC4B70-1480-404C-B73A-173907656361}.Debug|x64.ActiveCfg = Debug|Any CPU
		{D0EC4B70-1480-404C-B73A-173907656361}.Debug|x64.Build.0 = Debug|Any CPU
		{D0EC4B70-1480-404C-B73A-173907656361}.Debug|x86.ActiveCfg = Debug|Any CPU
		{D0EC4B70-1480-404C-B73A-173907656361}.Debug|x86.Build.0 = Debug|Any CPU
		{D0EC4B70-1480-404C-B73A-173907656361}.Release|Any CPU.ActiveCfg = Release|Any CPU
		{D0EC4B70-1480-404C-B73A-173907656361}.Release|Any CPU.Build.0 = Release|Any CPU
		{D0EC4B70-1480-404C-B73A-173907656361}.Release|x64.ActiveCfg = Release|Any CPU
		{D0EC4B70-1480-404C-B73A-173907656361}.Release|x64.Build.0 = Release|Any CPU
		{D0EC4B70-1480-404C-B73A-173907656361}.Release|x86.ActiveCfg = Release|Any CPU
		{D0EC4B70-1480-404C-B73A-173907656361}.Release|x86.Build.0 = Release|Any CPU
		{145BB5A2-8A31-4D2B-915C-26A7BB24C867}.Debug|Any CPU.ActiveCfg = Debug|Any CPU
		{145BB5A2-8A31-4D2B-915C-26A7BB24C867}.Debug|Any CPU.Build.0 = Debug|Any CPU
		{145BB5A2-8A31-4D2B-915C-26A7BB24C867}.Debug|x64.ActiveCfg = Debug|Any CPU
		{145BB5A2-8A31-4D2B-915C-26A7BB24C867}.Debug|x64.Build.0 = Debug|Any CPU
		{145BB5A2-8A31-4D2B-915C-26A7BB24C867}.Debug|x86.ActiveCfg = Debug|Any CPU
		{145BB5A2-8A31-4D2B-915C-26A7BB24C867}.Debug|x86.Build.0 = Debug|Any CPU
		{145BB5A2-8A31-4D2B-915C-26A7BB24C867}.Release|Any CPU.ActiveCfg = Release|Any CPU
		{145BB5A2-8A31-4D2B-915C-26A7BB24C867}.Release|Any CPU.Build.0 = Release|Any CPU
		{145BB5A2-8A31-4D2B-915C-26A7BB24C867}.Release|x64.ActiveCfg = Release|Any CPU
		{145BB5A2-8A31-4D2B-915C-26A7BB24C867}.Release|x64.Build.0 = Release|Any CPU
		{145BB5A2-8A31-4D2B-915C-26A7BB24C867}.Release|x86.ActiveCfg = Release|Any CPU
		{145BB5A2-8A31-4D2B-915C-26A7BB24C867}.Release|x86.Build.0 = Release|Any CPU
	EndGlobalSection
EndGlobal
