
Microsoft Visual Studio Solution File, Format Version 12.00
# Visual Studio 15
VisualStudioVersion = 15.0.26124.0
MinimumVisualStudioVersion = 15.0.26124.0
Project("{FAE04EC0-301F-11D3-BF4B-00C04F79EFBC}") = "CloneablePoint", "CloneablePoint\CloneablePoint.csproj", "{8D99AF82-187B-4966-83C8-60EB316B5181}"
EndProject
Project("{FAE04EC0-301F-11D3-BF4B-00C04F79EFBC}") = "ComparableCar", "ComparableCar\ComparableCar.csproj", "{9794EA9C-FD8A-4195-9C8E-AB7D34AF2E63}"
EndProject
Project("{FAE04EC0-301F-11D3-BF4B-00C04F79EFBC}") = "CustomEnumerator", "CustomEnumerator\CustomEnumerator.csproj", "{E8294A2F-518A-4993-8D6A-597532086D70}"
EndProject
Project("{FAE04EC0-301F-11D3-BF4B-00C04F79EFBC}") = "CustomEnumeratorWithYield", "CustomEnumeratorWithYield\CustomEnumeratorWithYield.csproj", "{B3210746-EA8C-4AD0-9917-AA76BB80EB06}"
EndProject
Project("{FAE04EC0-301F-11D3-BF4B-00C04F79EFBC}") = "CustomInterfaces", "CustomInterfaces\CustomInterfaces.csproj", "{C6637DBB-C635-47A4-BF57-F6469D1DEC6B}"
EndProject
Project("{FAE04EC0-301F-11D3-BF4B-00C04F79EFBC}") = "InterfaceHierarchy", "InterfaceHierarchy\InterfaceHierarchy.csproj", "{AB37902E-92E1-40BC-895F-DE6A74FFC1C1}"
EndProject
Project("{FAE04EC0-301F-11D3-BF4B-00C04F79EFBC}") = "InterfaceNameClash", "InterfaceNameClash\InterfaceNameClash.csproj", "{CE8E96EA-2A4A-4AB3-A65B-CB244E725AC7}"
EndProject
Project("{FAE04EC0-301F-11D3-BF4B-00C04F79EFBC}") = "MiInterfaceHierarchy", "MiInterfaceHierarchy\MiInterfaceHierarchy.csproj", "{DB16E109-FE2D-4EFB-8E82-8E5CA89D5C4D}"
EndProject
Global
	GlobalSection(SolutionConfigurationPlatforms) = preSolution
		Debug|Any CPU = Debug|Any CPU
		Debug|x64 = Debug|x64
		Debug|x86 = Debug|x86
		Release|Any CPU = Release|Any CPU
		Release|x64 = Release|x64
		Release|x86 = Release|x86
	EndGlobalSection
	GlobalSection(SolutionProperties) = preSolution
		HideSolutionNode = FALSE
	EndGlobalSection
	GlobalSection(ProjectConfigurationPlatforms) = postSolution
		{8D99AF82-187B-4966-83C8-60EB316B5181}.Debug|Any CPU.ActiveCfg = Debug|Any CPU
		{8D99AF82-187B-4966-83C8-60EB316B5181}.Debug|Any CPU.Build.0 = Debug|Any CPU
		{8D99AF82-187B-4966-83C8-60EB316B5181}.Debug|x64.ActiveCfg = Debug|Any CPU
		{8D99AF82-187B-4966-83C8-60EB316B5181}.Debug|x64.Build.0 = Debug|Any CPU
		{8D99AF82-187B-4966-83C8-60EB316B5181}.Debug|x86.ActiveCfg = Debug|Any CPU
		{8D99AF82-187B-4966-83C8-60EB316B5181}.Debug|x86.Build.0 = Debug|Any CPU
		{8D99AF82-187B-4966-83C8-60EB316B5181}.Release|Any CPU.ActiveCfg = Release|Any CPU
		{8D99AF82-187B-4966-83C8-60EB316B5181}.Release|Any CPU.Build.0 = Release|Any CPU
		{8D99AF82-187B-4966-83C8-60EB316B5181}.Release|x64.ActiveCfg = Release|Any CPU
		{8D99AF82-187B-4966-83C8-60EB316B5181}.Release|x64.Build.0 = Release|Any CPU
		{8D99AF82-187B-4966-83C8-60EB316B5181}.Release|x86.ActiveCfg = Release|Any CPU
		{8D99AF82-187B-4966-83C8-60EB316B5181}.Release|x86.Build.0 = Release|Any CPU
		{9794EA9C-FD8A-4195-9C8E-AB7D34AF2E63}.Debug|Any CPU.ActiveCfg = Debug|Any CPU
		{9794EA9C-FD8A-4195-9C8E-AB7D34AF2E63}.Debug|Any CPU.Build.0 = Debug|Any CPU
		{9794EA9C-FD8A-4195-9C8E-AB7D34AF2E63}.Debug|x64.ActiveCfg = Debug|Any CPU
		{9794EA9C-FD8A-4195-9C8E-AB7D34AF2E63}.Debug|x64.Build.0 = Debug|Any CPU
		{9794EA9C-FD8A-4195-9C8E-AB7D34AF2E63}.Debug|x86.ActiveCfg = Debug|Any CPU
		{9794EA9C-FD8A-4195-9C8E-AB7D34AF2E63}.Debug|x86.Build.0 = Debug|Any CPU
		{9794EA9C-FD8A-4195-9C8E-AB7D34AF2E63}.Release|Any CPU.ActiveCfg = Release|Any CPU
		{9794EA9C-FD8A-4195-9C8E-AB7D34AF2E63}.Release|Any CPU.Build.0 = Release|Any CPU
		{9794EA9C-FD8A-4195-9C8E-AB7D34AF2E63}.Release|x64.ActiveCfg = Release|Any CPU
		{9794EA9C-FD8A-4195-9C8E-AB7D34AF2E63}.Release|x64.Build.0 = Release|Any CPU
		{9794EA9C-FD8A-4195-9C8E-AB7D34AF2E63}.Release|x86.ActiveCfg = Release|Any CPU
		{9794EA9C-FD8A-4195-9C8E-AB7D34AF2E63}.Release|x86.Build.0 = Release|Any CPU
		{E8294A2F-518A-4993-8D6A-597532086D70}.Debug|Any CPU.ActiveCfg = Debug|Any CPU
		{E8294A2F-518A-4993-8D6A-597532086D70}.Debug|Any CPU.Build.0 = Debug|Any CPU
		{E8294A2F-518A-4993-8D6A-597532086D70}.Debug|x64.ActiveCfg = Debug|Any CPU
		{E8294A2F-518A-4993-8D6A-597532086D70}.Debug|x64.Build.0 = Debug|Any CPU
		{E8294A2F-518A-4993-8D6A-597532086D70}.Debug|x86.ActiveCfg = Debug|Any CPU
		{E8294A2F-518A-4993-8D6A-597532086D70}.Debug|x86.Build.0 = Debug|Any CPU
		{E8294A2F-518A-4993-8D6A-597532086D70}.Release|Any CPU.ActiveCfg = Release|Any CPU
		{E8294A2F-518A-4993-8D6A-597532086D70}.Release|Any CPU.Build.0 = Release|Any CPU
		{E8294A2F-518A-4993-8D6A-597532086D70}.Release|x64.ActiveCfg = Release|Any CPU
		{E8294A2F-518A-4993-8D6A-597532086D70}.Release|x64.Build.0 = Release|Any CPU
		{E8294A2F-518A-4993-8D6A-597532086D70}.Release|x86.ActiveCfg = Release|Any CPU
		{E8294A2F-518A-4993-8D6A-597532086D70}.Release|x86.Build.0 = Release|Any CPU
		{B3210746-EA8C-4AD0-9917-AA76BB80EB06}.Debug|Any CPU.ActiveCfg = Debug|Any CPU
		{B3210746-EA8C-4AD0-9917-AA76BB80EB06}.Debug|Any CPU.Build.0 = Debug|Any CPU
		{B3210746-EA8C-4AD0-9917-AA76BB80EB06}.Debug|x64.ActiveCfg = Debug|Any CPU
		{B3210746-EA8C-4AD0-9917-AA76BB80EB06}.Debug|x64.Build.0 = Debug|Any CPU
		{B3210746-EA8C-4AD0-9917-AA76BB80EB06}.Debug|x86.ActiveCfg = Debug|Any CPU
		{B3210746-EA8C-4AD0-9917-AA76BB80EB06}.Debug|x86.Build.0 = Debug|Any CPU
		{B3210746-EA8C-4AD0-9917-AA76BB80EB06}.Release|Any CPU.ActiveCfg = Release|Any CPU
		{B3210746-EA8C-4AD0-9917-AA76BB80EB06}.Release|Any CPU.Build.0 = Release|Any CPU
		{B3210746-EA8C-4AD0-9917-AA76BB80EB06}.Release|x64.ActiveCfg = Release|Any CPU
		{B3210746-EA8C-4AD0-9917-AA76BB80EB06}.Release|x64.Build.0 = Release|Any CPU
		{B3210746-EA8C-4AD0-9917-AA76BB80EB06}.Release|x86.ActiveCfg = Release|Any CPU
		{B3210746-EA8C-4AD0-9917-AA76BB80EB06}.Release|x86.Build.0 = Release|Any CPU
		{C6637DBB-C635-47A4-BF57-F6469D1DEC6B}.Debug|Any CPU.ActiveCfg = Debug|Any CPU
		{C6637DBB-C635-47A4-BF57-F6469D1DEC6B}.Debug|Any CPU.Build.0 = Debug|Any CPU
		{C6637DBB-C635-47A4-BF57-F6469D1DEC6B}.Debug|x64.ActiveCfg = Debug|Any CPU
		{C6637DBB-C635-47A4-BF57-F6469D1DEC6B}.Debug|x64.Build.0 = Debug|Any CPU
		{C6637DBB-C635-47A4-BF57-F6469D1DEC6B}.Debug|x86.ActiveCfg = Debug|Any CPU
		{C6637DBB-C635-47A4-BF57-F6469D1DEC6B}.Debug|x86.Build.0 = Debug|Any CPU
		{C6637DBB-C635-47A4-BF57-F6469D1DEC6B}.Release|Any CPU.ActiveCfg = Release|Any CPU
		{C6637DBB-C635-47A4-BF57-F6469D1DEC6B}.Release|Any CPU.Build.0 = Release|Any CPU
		{C6637DBB-C635-47A4-BF57-F6469D1DEC6B}.Release|x64.ActiveCfg = Release|Any CPU
		{C6637DBB-C635-47A4-BF57-F6469D1DEC6B}.Release|x64.Build.0 = Release|Any CPU
		{C6637DBB-C635-47A4-BF57-F6469D1DEC6B}.Release|x86.ActiveCfg = Release|Any CPU
		{C6637DBB-C635-47A4-BF57-F6469D1DEC6B}.Release|x86.Build.0 = Release|Any CPU
		{AB37902E-92E1-40BC-895F-DE6A74FFC1C1}.Debug|Any CPU.ActiveCfg = Debug|Any CPU
		{AB37902E-92E1-40BC-895F-DE6A74FFC1C1}.Debug|Any CPU.Build.0 = Debug|Any CPU
		{AB37902E-92E1-40BC-895F-DE6A74FFC1C1}.Debug|x64.ActiveCfg = Debug|Any CPU
		{AB37902E-92E1-40BC-895F-DE6A74FFC1C1}.Debug|x64.Build.0 = Debug|Any CPU
		{AB37902E-92E1-40BC-895F-DE6A74FFC1C1}.Debug|x86.ActiveCfg = Debug|Any CPU
		{AB37902E-92E1-40BC-895F-DE6A74FFC1C1}.Debug|x86.Build.0 = Debug|Any CPU
		{AB37902E-92E1-40BC-895F-DE6A74FFC1C1}.Release|Any CPU.ActiveCfg = Release|Any CPU
		{AB37902E-92E1-40BC-895F-DE6A74FFC1C1}.Release|Any CPU.Build.0 = Release|Any CPU
		{AB37902E-92E1-40BC-895F-DE6A74FFC1C1}.Release|x64.ActiveCfg = Release|Any CPU
		{AB37902E-92E1-40BC-895F-DE6A74FFC1C1}.Release|x64.Build.0 = Release|Any CPU
		{AB37902E-92E1-40BC-895F-DE6A74FFC1C1}.Release|x86.ActiveCfg = Release|Any CPU
		{AB37902E-92E1-40BC-895F-DE6A74FFC1C1}.Release|x86.Build.0 = Release|Any CPU
		{CE8E96EA-2A4A-4AB3-A65B-CB244E725AC7}.Debug|Any CPU.ActiveCfg = Debug|Any CPU
		{CE8E96EA-2A4A-4AB3-A65B-CB244E725AC7}.Debug|Any CPU.Build.0 = Debug|Any CPU
		{CE8E96EA-2A4A-4AB3-A65B-CB244E725AC7}.Debug|x64.ActiveCfg = Debug|Any CPU
		{CE8E96EA-2A4A-4AB3-A65B-CB244E725AC7}.Debug|x64.Build.0 = Debug|Any CPU
		{CE8E96EA-2A4A-4AB3-A65B-CB244E725AC7}.Debug|x86.ActiveCfg = Debug|Any CPU
		{CE8E96EA-2A4A-4AB3-A65B-CB244E725AC7}.Debug|x86.Build.0 = Debug|Any CPU
		{CE8E96EA-2A4A-4AB3-A65B-CB244E725AC7}.Release|Any CPU.ActiveCfg = Release|Any CPU
		{CE8E96EA-2A4A-4AB3-A65B-CB244E725AC7}.Release|Any CPU.Build.0 = Release|Any CPU
		{CE8E96EA-2A4A-4AB3-A65B-CB244E725AC7}.Release|x64.ActiveCfg = Release|Any CPU
		{CE8E96EA-2A4A-4AB3-A65B-CB244E725AC7}.Release|x64.Build.0 = Release|Any CPU
		{CE8E96EA-2A4A-4AB3-A65B-CB244E725AC7}.Release|x86.ActiveCfg = Release|Any CPU
		{CE8E96EA-2A4A-4AB3-A65B-CB244E725AC7}.Release|x86.Build.0 = Release|Any CPU
		{DB16E109-FE2D-4EFB-8E82-8E5CA89D5C4D}.Debug|Any CPU.ActiveCfg = Debug|Any CPU
		{DB16E109-FE2D-4EFB-8E82-8E5CA89D5C4D}.Debug|Any CPU.Build.0 = Debug|Any CPU
		{DB16E109-FE2D-4EFB-8E82-8E5CA89D5C4D}.Debug|x64.ActiveCfg = Debug|Any CPU
		{DB16E109-FE2D-4EFB-8E82-8E5CA89D5C4D}.Debug|x64.Build.0 = Debug|Any CPU
		{DB16E109-FE2D-4EFB-8E82-8E5CA89D5C4D}.Debug|x86.ActiveCfg = Debug|Any CPU
		{DB16E109-FE2D-4EFB-8E82-8E5CA89D5C4D}.Debug|x86.Build.0 = Debug|Any CPU
		{DB16E109-FE2D-4EFB-8E82-8E5CA89D5C4D}.Release|Any CPU.ActiveCfg = Release|Any CPU
		{DB16E109-FE2D-4EFB-8E82-8E5CA89D5C4D}.Release|Any CPU.Build.0 = Release|Any CPU
		{DB16E109-FE2D-4EFB-8E82-8E5CA89D5C4D}.Release|x64.ActiveCfg = Release|Any CPU
		{DB16E109-FE2D-4EFB-8E82-8E5CA89D5C4D}.Release|x64.Build.0 = Release|Any CPU
		{DB16E109-FE2D-4EFB-8E82-8E5CA89D5C4D}.Release|x86.ActiveCfg = Release|Any CPU
		{DB16E109-FE2D-4EFB-8E82-8E5CA89D5C4D}.Release|x86.Build.0 = Release|Any CPU
	EndGlobalSection
EndGlobal
