
Microsoft Visual Studio Solution File, Format Version 12.00
# Visual Studio 15
VisualStudioVersion = 15.0.26124.0
MinimumVisualStudioVersion = 15.0.26124.0
Project("{FAE04EC0-301F-11D3-BF4B-00C04F79EFBC}") = "AutoLot.Models", "..\Chapter_23\AutoLot.Models\AutoLot.Models.csproj", "{29576020-F6BE-4DBD-AB46-250D72A0C1F1}"
EndProject
Project("{FAE04EC0-301F-11D3-BF4B-00C04F79EFBC}") = "AutoLot.Dal", "..\Chapter_23\AutoLot.Dal\AutoLot.Dal.csproj", "{05DE153B-0DC6-4B62-B914-C1E7AF67D057}"
EndProject
Project("{FAE04EC0-301F-11D3-BF4B-00C04F79EFBC}") = "AutoLot.Services", "AutoLot.Services\AutoLot.Services.csproj", "{C810986C-E1AE-4C69-8863-E4F784C237F5}"
EndProject
Project("{FAE04EC0-301F-11D3-BF4B-00C04F79EFBC}") = "AutoLot.Api", "AutoLot.Api\AutoLot.Api.csproj", "{1144182A-3D99-43FB-91B9-DF316F5FF28A}"
EndProject
Project("{FAE04EC0-301F-11D3-BF4B-00C04F79EFBC}") = "AutoLot.Mvc", "AutoLot.Mvc\AutoLot.Mvc.csproj", "{46728B5A-ED6A-40DF-A035-7C30C524F064}"
EndProject
Global
	GlobalSection(SolutionConfigurationPlatforms) = preSolution
		Debug|Any CPU = Debug|Any CPU
		Debug|x64 = Debug|x64
		Debug|x86 = Debug|x86
		Release|Any CPU = Release|Any CPU
		Release|x64 = Release|x64
		Release|x86 = Release|x86
	EndGlobalSection
	GlobalSection(SolutionProperties) = preSolution
		HideSolutionNode = FALSE
	EndGlobalSection
	GlobalSection(ProjectConfigurationPlatforms) = postSolution
		{29576020-F6BE-4DBD-AB46-250D72A0C1F1}.Debug|Any CPU.ActiveCfg = Debug|Any CPU
		{29576020-F6BE-4DBD-AB46-250D72A0C1F1}.Debug|Any CPU.Build.0 = Debug|Any CPU
		{29576020-F6BE-4DBD-AB46-250D72A0C1F1}.Debug|x64.ActiveCfg = Debug|Any CPU
		{29576020-F6BE-4DBD-AB46-250D72A0C1F1}.Debug|x64.Build.0 = Debug|Any CPU
		{29576020-F6BE-4DBD-AB46-250D72A0C1F1}.Debug|x86.ActiveCfg = Debug|Any CPU
		{29576020-F6BE-4DBD-AB46-250D72A0C1F1}.Debug|x86.Build.0 = Debug|Any CPU
		{29576020-F6BE-4DBD-AB46-250D72A0C1F1}.Release|Any CPU.ActiveCfg = Release|Any CPU
		{29576020-F6BE-4DBD-AB46-250D72A0C1F1}.Release|Any CPU.Build.0 = Release|Any CPU
		{29576020-F6BE-4DBD-AB46-250D72A0C1F1}.Release|x64.ActiveCfg = Release|Any CPU
		{29576020-F6BE-4DBD-AB46-250D72A0C1F1}.Release|x64.Build.0 = Release|Any CPU
		{29576020-F6BE-4DBD-AB46-250D72A0C1F1}.Release|x86.ActiveCfg = Release|Any CPU
		{29576020-F6BE-4DBD-AB46-250D72A0C1F1}.Release|x86.Build.0 = Release|Any CPU
		{05DE153B-0DC6-4B62-B914-C1E7AF67D057}.Debug|Any CPU.ActiveCfg = Debug|Any CPU
		{05DE153B-0DC6-4B62-B914-C1E7AF67D057}.Debug|Any CPU.Build.0 = Debug|Any CPU
		{05DE153B-0DC6-4B62-B914-C1E7AF67D057}.Debug|x64.ActiveCfg = Debug|Any CPU
		{05DE153B-0DC6-4B62-B914-C1E7AF67D057}.Debug|x64.Build.0 = Debug|Any CPU
		{05DE153B-0DC6-4B62-B914-C1E7AF67D057}.Debug|x86.ActiveCfg = Debug|Any CPU
		{05DE153B-0DC6-4B62-B914-C1E7AF67D057}.Debug|x86.Build.0 = Debug|Any CPU
		{05DE153B-0DC6-4B62-B914-C1E7AF67D057}.Release|Any CPU.ActiveCfg = Release|Any CPU
		{05DE153B-0DC6-4B62-B914-C1E7AF67D057}.Release|Any CPU.Build.0 = Release|Any CPU
		{05DE153B-0DC6-4B62-B914-C1E7AF67D057}.Release|x64.ActiveCfg = Release|Any CPU
		{05DE153B-0DC6-4B62-B914-C1E7AF67D057}.Release|x64.Build.0 = Release|Any CPU
		{05DE153B-0DC6-4B62-B914-C1E7AF67D057}.Release|x86.ActiveCfg = Release|Any CPU
		{05DE153B-0DC6-4B62-B914-C1E7AF67D057}.Release|x86.Build.0 = Release|Any CPU
		{C810986C-E1AE-4C69-8863-E4F784C237F5}.Debug|Any CPU.ActiveCfg = Debug|Any CPU
		{C810986C-E1AE-4C69-8863-E4F784C237F5}.Debug|Any CPU.Build.0 = Debug|Any CPU
		{C810986C-E1AE-4C69-8863-E4F784C237F5}.Debug|x64.ActiveCfg = Debug|Any CPU
		{C810986C-E1AE-4C69-8863-E4F784C237F5}.Debug|x64.Build.0 = Debug|Any CPU
		{C810986C-E1AE-4C69-8863-E4F784C237F5}.Debug|x86.ActiveCfg = Debug|Any CPU
		{C810986C-E1AE-4C69-8863-E4F784C237F5}.Debug|x86.Build.0 = Debug|Any CPU
		{C810986C-E1AE-4C69-8863-E4F784C237F5}.Release|Any CPU.ActiveCfg = Release|Any CPU
		{C810986C-E1AE-4C69-8863-E4F784C237F5}.Release|Any CPU.Build.0 = Release|Any CPU
		{C810986C-E1AE-4C69-8863-E4F784C237F5}.Release|x64.ActiveCfg = Release|Any CPU
		{C810986C-E1AE-4C69-8863-E4F784C237F5}.Release|x64.Build.0 = Release|Any CPU
		{C810986C-E1AE-4C69-8863-E4F784C237F5}.Release|x86.ActiveCfg = Release|Any CPU
		{C810986C-E1AE-4C69-8863-E4F784C237F5}.Release|x86.Build.0 = Release|Any CPU
		{1144182A-3D99-43FB-91B9-DF316F5FF28A}.Debug|Any CPU.ActiveCfg = Debug|Any CPU
		{1144182A-3D99-43FB-91B9-DF316F5FF28A}.Debug|Any CPU.Build.0 = Debug|Any CPU
		{1144182A-3D99-43FB-91B9-DF316F5FF28A}.Debug|x64.ActiveCfg = Debug|Any CPU
		{1144182A-3D99-43FB-91B9-DF316F5FF28A}.Debug|x64.Build.0 = Debug|Any CPU
		{1144182A-3D99-43FB-91B9-DF316F5FF28A}.Debug|x86.ActiveCfg = Debug|Any CPU
		{1144182A-3D99-43FB-91B9-DF316F5FF28A}.Debug|x86.Build.0 = Debug|Any CPU
		{1144182A-3D99-43FB-91B9-DF316F5FF28A}.Release|Any CPU.ActiveCfg = Release|Any CPU
		{1144182A-3D99-43FB-91B9-DF316F5FF28A}.Release|Any CPU.Build.0 = Release|Any CPU
		{1144182A-3D99-43FB-91B9-DF316F5FF28A}.Release|x64.ActiveCfg = Release|Any CPU
		{1144182A-3D99-43FB-91B9-DF316F5FF28A}.Release|x64.Build.0 = Release|Any CPU
		{1144182A-3D99-43FB-91B9-DF316F5FF28A}.Release|x86.ActiveCfg = Release|Any CPU
		{1144182A-3D99-43FB-91B9-DF316F5FF28A}.Release|x86.Build.0 = Release|Any CPU
		{46728B5A-ED6A-40DF-A035-7C30C524F064}.Debug|Any CPU.ActiveCfg = Debug|Any CPU
		{46728B5A-ED6A-40DF-A035-7C30C524F064}.Debug|Any CPU.Build.0 = Debug|Any CPU
		{46728B5A-ED6A-40DF-A035-7C30C524F064}.Debug|x64.ActiveCfg = Debug|Any CPU
		{46728B5A-ED6A-40DF-A035-7C30C524F064}.Debug|x64.Build.0 = Debug|Any CPU
		{46728B5A-ED6A-40DF-A035-7C30C524F064}.Debug|x86.ActiveCfg = Debug|Any CPU
		{46728B5A-ED6A-40DF-A035-7C30C524F064}.Debug|x86.Build.0 = Debug|Any CPU
		{46728B5A-ED6A-40DF-A035-7C30C524F064}.Release|Any CPU.ActiveCfg = Release|Any CPU
		{46728B5A-ED6A-40DF-A035-7C30C524F064}.Release|Any CPU.Build.0 = Release|Any CPU
		{46728B5A-ED6A-40DF-A035-7C30C524F064}.Release|x64.ActiveCfg = Release|Any CPU
		{46728B5A-ED6A-40DF-A035-7C30C524F064}.Release|x64.Build.0 = Release|Any CPU
		{46728B5A-ED6A-40DF-A035-7C30C524F064}.Release|x86.ActiveCfg = Release|Any CPU
		{46728B5A-ED6A-40DF-A035-7C30C524F064}.Release|x86.Build.0 = Release|Any CPU
	EndGlobalSection
EndGlobal
