
Microsoft Visual Studio Solution File, Format Version 12.00
# Visual Studio Version 16
VisualStudioVersion = 16.0.30711.63
MinimumVisualStudioVersion = 10.0.40219.1
Project("{FAE04EC0-301F-11D3-BF4B-00C04F79EFBC}") = "SimpleCSharpConsoleApp", "SimpleCSharpConsoleApp\SimpleCSharpConsoleApp.csproj", "{7E124587-BD88-4EBE-933C-FC84070C1E2B}"
EndProject
Global
	GlobalSection(SolutionConfigurationPlatforms) = preSolution
		Debug|Any CPU = Debug|Any CPU
		Release|Any CPU = Release|Any CPU
	EndGlobalSection
	GlobalSection(ProjectConfigurationPlatforms) = postSolution
		{7E124587-BD88-4EBE-933C-FC84070C1E2B}.Debug|Any CPU.ActiveCfg = Debug|Any CPU
		{7E124587-BD88-4EBE-933C-FC84070C1E2B}.Debug|Any CPU.Build.0 = Debug|Any CPU
		{7E124587-BD88-4EBE-933C-FC84070C1E2B}.Release|Any CPU.ActiveCfg = Release|Any CPU
		{7E124587-BD88-4EBE-933C-FC84070C1E2B}.Release|Any CPU.Build.0 = Release|Any CPU
	EndGlobalSection
	GlobalSection(SolutionProperties) = preSolution
		HideSolutionNode = FALSE
	EndGlobalSection
	GlobalSection(ExtensibilityGlobals) = postSolution
		SolutionGuid = {9077392D-22B9-4872-A753-FB701355B7FC}
	EndGlobalSection
EndGlobal
