
Microsoft Visual Studio Solution File, Format Version 12.00
# Visual Studio 15
VisualStudioVersion = 15.0.26124.0
MinimumVisualStudioVersion = 15.0.26124.0
Project("{FAE04EC0-301F-11D3-BF4B-00C04F79EFBC}") = "SimpleException", "SimpleException\SimpleException.csproj", "{50797FE4-5B81-44D9-BF25-2009FEB89963}"
EndProject
Project("{FAE04EC0-301F-11D3-BF4B-00C04F79EFBC}") = "CustomException", "CustomException\CustomException.csproj", "{0D52771E-5122-425B-9904-D147AFA864DA}"
EndProject
Project("{FAE04EC0-301F-11D3-BF4B-00C04F79EFBC}") = "ProcessMultipleExceptions", "ProcessMultipleExceptions\ProcessMultipleExceptions.csproj", "{4078503D-57CF-49B7-AB57-F0561FF9FF0E}"
EndProject
Global
	GlobalSection(SolutionConfigurationPlatforms) = preSolution
		Debug|Any CPU = Debug|Any CPU
		Debug|x64 = Debug|x64
		Debug|x86 = Debug|x86
		Release|Any CPU = Release|Any CPU
		Release|x64 = Release|x64
		Release|x86 = Release|x86
	EndGlobalSection
	GlobalSection(SolutionProperties) = preSolution
		HideSolutionNode = FALSE
	EndGlobalSection
	GlobalSection(ProjectConfigurationPlatforms) = postSolution
		{50797FE4-5B81-44D9-BF25-2009FEB89963}.Debug|Any CPU.ActiveCfg = Debug|Any CPU
		{50797FE4-5B81-44D9-BF25-2009FEB89963}.Debug|Any CPU.Build.0 = Debug|Any CPU
		{50797FE4-5B81-44D9-BF25-2009FEB89963}.Debug|x64.ActiveCfg = Debug|Any CPU
		{50797FE4-5B81-44D9-BF25-2009FEB89963}.Debug|x64.Build.0 = Debug|Any CPU
		{50797FE4-5B81-44D9-BF25-2009FEB89963}.Debug|x86.ActiveCfg = Debug|Any CPU
		{50797FE4-5B81-44D9-BF25-2009FEB89963}.Debug|x86.Build.0 = Debug|Any CPU
		{50797FE4-5B81-44D9-BF25-2009FEB89963}.Release|Any CPU.ActiveCfg = Release|Any CPU
		{50797FE4-5B81-44D9-BF25-2009FEB89963}.Release|Any CPU.Build.0 = Release|Any CPU
		{50797FE4-5B81-44D9-BF25-2009FEB89963}.Release|x64.ActiveCfg = Release|Any CPU
		{50797FE4-5B81-44D9-BF25-2009FEB89963}.Release|x64.Build.0 = Release|Any CPU
		{50797FE4-5B81-44D9-BF25-2009FEB89963}.Release|x86.ActiveCfg = Release|Any CPU
		{50797FE4-5B81-44D9-BF25-2009FEB89963}.Release|x86.Build.0 = Release|Any CPU
		{0D52771E-5122-425B-9904-D147AFA864DA}.Debug|Any CPU.ActiveCfg = Debug|Any CPU
		{0D52771E-5122-425B-9904-D147AFA864DA}.Debug|Any CPU.Build.0 = Debug|Any CPU
		{0D52771E-5122-425B-9904-D147AFA864DA}.Debug|x64.ActiveCfg = Debug|Any CPU
		{0D52771E-5122-425B-9904-D147AFA864DA}.Debug|x64.Build.0 = Debug|Any CPU
		{0D52771E-5122-425B-9904-D147AFA864DA}.Debug|x86.ActiveCfg = Debug|Any CPU
		{0D52771E-5122-425B-9904-D147AFA864DA}.Debug|x86.Build.0 = Debug|Any CPU
		{0D52771E-5122-425B-9904-D147AFA864DA}.Release|Any CPU.ActiveCfg = Release|Any CPU
		{0D52771E-5122-425B-9904-D147AFA864DA}.Release|Any CPU.Build.0 = Release|Any CPU
		{0D52771E-5122-425B-9904-D147AFA864DA}.Release|x64.ActiveCfg = Release|Any CPU
		{0D52771E-5122-425B-9904-D147AFA864DA}.Release|x64.Build.0 = Release|Any CPU
		{0D52771E-5122-425B-9904-D147AFA864DA}.Release|x86.ActiveCfg = Release|Any CPU
		{0D52771E-5122-425B-9904-D147AFA864DA}.Release|x86.Build.0 = Release|Any CPU
		{4078503D-57CF-49B7-AB57-F0561FF9FF0E}.Debug|Any CPU.ActiveCfg = Debug|Any CPU
		{4078503D-57CF-49B7-AB57-F0561FF9FF0E}.Debug|Any CPU.Build.0 = Debug|Any CPU
		{4078503D-57CF-49B7-AB57-F0561FF9FF0E}.Debug|x64.ActiveCfg = Debug|Any CPU
		{4078503D-57CF-49B7-AB57-F0561FF9FF0E}.Debug|x64.Build.0 = Debug|Any CPU
		{4078503D-57CF-49B7-AB57-F0561FF9FF0E}.Debug|x86.ActiveCfg = Debug|Any CPU
		{4078503D-57CF-49B7-AB57-F0561FF9FF0E}.Debug|x86.Build.0 = Debug|Any CPU
		{4078503D-57CF-49B7-AB57-F0561FF9FF0E}.Release|Any CPU.ActiveCfg = Release|Any CPU
		{4078503D-57CF-49B7-AB57-F0561FF9FF0E}.Release|Any CPU.Build.0 = Release|Any CPU
		{4078503D-57CF-49B7-AB57-F0561FF9FF0E}.Release|x64.ActiveCfg = Release|Any CPU
		{4078503D-57CF-49B7-AB57-F0561FF9FF0E}.Release|x64.Build.0 = Release|Any CPU
		{4078503D-57CF-49B7-AB57-F0561FF9FF0E}.Release|x86.ActiveCfg = Release|Any CPU
		{4078503D-57CF-49B7-AB57-F0561FF9FF0E}.Release|x86.Build.0 = Release|Any CPU
	EndGlobalSection
EndGlobal
