
Microsoft Visual Studio Solution File, Format Version 12.00
# Visual Studio 15
VisualStudioVersion = 15.0.26124.0
MinimumVisualStudioVersion = 15.0.26124.0
Project("{FAE04EC0-301F-11D3-BF4B-00C04F79EFBC}") = "AddWithThreads", "AddWithThreads\AddWithThreads.csproj", "{D4DFD2A4-3DEC-498E-B137-BF5D78ED6532}"
EndProject
Project("{FAE04EC0-301F-11D3-BF4B-00C04F79EFBC}") = "FunWithCSharpAsync", "FunWithCSharpAsync\FunWithCSharpAsync.csproj", "{8FBA5D43-EBD3-4D5C-A7FB-6B92FCC3F9D4}"
EndProject
Project("{FAE04EC0-301F-11D3-BF4B-00C04F79EFBC}") = "MultiThreadedPrinting", "MultiThreadedPrinting\MultiThreadedPrinting.csproj", "{B1B66CE4-FF51-48EE-948B-8D2C2D368E6D}"
EndProject
Project("{FAE04EC0-301F-11D3-BF4B-00C04F79EFBC}") = "MyEBookReader", "MyEBookReader\MyEBookReader.csproj", "{582B5600-7DF2-43E8-AC0D-74D40ADB59D1}"
EndProject
Project("{FAE04EC0-301F-11D3-BF4B-00C04F79EFBC}") = "PLINQDataProcessingWithCancellation", "PLINQDataProcessingWithCancellation\PLINQDataProcessingWithCancellation.csproj", "{A9CB8913-C0B6-40EA-916C-4D7E527A7B1F}"
EndProject
Project("{FAE04EC0-301F-11D3-BF4B-00C04F79EFBC}") = "SimpleMultiThreadApp", "SimpleMultiThreadApp\SimpleMultiThreadApp.csproj", "{013BE93D-4199-4E89-9DB9-D28DC8619CDA}"
EndProject
Project("{FAE04EC0-301F-11D3-BF4B-00C04F79EFBC}") = "ThreadPoolApp", "ThreadPoolApp\ThreadPoolApp.csproj", "{903BA845-0B6C-4BC2-8A57-A8FD2F4B7AD0}"
EndProject
Project("{FAE04EC0-301F-11D3-BF4B-00C04F79EFBC}") = "ThreadStats", "ThreadStats\ThreadStats.csproj", "{A9687659-6FA9-4EB4-B35B-47DE57C81293}"
EndProject
Project("{FAE04EC0-301F-11D3-BF4B-00C04F79EFBC}") = "TimerApp", "TimerApp\TimerApp.csproj", "{5D9762C8-5D8D-4CA3-A1C0-12B1A07F06E3}"
EndProject
Project("{FAE04EC0-301F-11D3-BF4B-00C04F79EFBC}") = "DataParallelismWithForEach", "DataParallelismWithForEach\DataParallelismWithForEach.csproj", "{F93BBD5C-6AD5-4156-91B8-D4D7BF494156}"
EndProject
Project("{FAE04EC0-301F-11D3-BF4B-00C04F79EFBC}") = "PictureHandlerWithAsyncAwait", "PictureHandlerWithAsyncAwait\PictureHandlerWithAsyncAwait.csproj", "{28990FF0-B4A6-4344-9573-81CD842AE787}"
EndProject
Global
	GlobalSection(SolutionConfigurationPlatforms) = preSolution
		Debug|Any CPU = Debug|Any CPU
		Debug|x64 = Debug|x64
		Debug|x86 = Debug|x86
		Release|Any CPU = Release|Any CPU
		Release|x64 = Release|x64
		Release|x86 = Release|x86
	EndGlobalSection
	GlobalSection(SolutionProperties) = preSolution
		HideSolutionNode = FALSE
	EndGlobalSection
	GlobalSection(ProjectConfigurationPlatforms) = postSolution
		{D4DFD2A4-3DEC-498E-B137-BF5D78ED6532}.Debug|Any CPU.ActiveCfg = Debug|Any CPU
		{D4DFD2A4-3DEC-498E-B137-BF5D78ED6532}.Debug|Any CPU.Build.0 = Debug|Any CPU
		{D4DFD2A4-3DEC-498E-B137-BF5D78ED6532}.Debug|x64.ActiveCfg = Debug|Any CPU
		{D4DFD2A4-3DEC-498E-B137-BF5D78ED6532}.Debug|x64.Build.0 = Debug|Any CPU
		{D4DFD2A4-3DEC-498E-B137-BF5D78ED6532}.Debug|x86.ActiveCfg = Debug|Any CPU
		{D4DFD2A4-3DEC-498E-B137-BF5D78ED6532}.Debug|x86.Build.0 = Debug|Any CPU
		{D4DFD2A4-3DEC-498E-B137-BF5D78ED6532}.Release|Any CPU.ActiveCfg = Release|Any CPU
		{D4DFD2A4-3DEC-498E-B137-BF5D78ED6532}.Release|Any CPU.Build.0 = Release|Any CPU
		{D4DFD2A4-3DEC-498E-B137-BF5D78ED6532}.Release|x64.ActiveCfg = Release|Any CPU
		{D4DFD2A4-3DEC-498E-B137-BF5D78ED6532}.Release|x64.Build.0 = Release|Any CPU
		{D4DFD2A4-3DEC-498E-B137-BF5D78ED6532}.Release|x86.ActiveCfg = Release|Any CPU
		{D4DFD2A4-3DEC-498E-B137-BF5D78ED6532}.Release|x86.Build.0 = Release|Any CPU
		{8FBA5D43-EBD3-4D5C-A7FB-6B92FCC3F9D4}.Debug|Any CPU.ActiveCfg = Debug|Any CPU
		{8FBA5D43-EBD3-4D5C-A7FB-6B92FCC3F9D4}.Debug|Any CPU.Build.0 = Debug|Any CPU
		{8FBA5D43-EBD3-4D5C-A7FB-6B92FCC3F9D4}.Debug|x64.ActiveCfg = Debug|Any CPU
		{8FBA5D43-EBD3-4D5C-A7FB-6B92FCC3F9D4}.Debug|x64.Build.0 = Debug|Any CPU
		{8FBA5D43-EBD3-4D5C-A7FB-6B92FCC3F9D4}.Debug|x86.ActiveCfg = Debug|Any CPU
		{8FBA5D43-EBD3-4D5C-A7FB-6B92FCC3F9D4}.Debug|x86.Build.0 = Debug|Any CPU
		{8FBA5D43-EBD3-4D5C-A7FB-6B92FCC3F9D4}.Release|Any CPU.ActiveCfg = Release|Any CPU
		{8FBA5D43-EBD3-4D5C-A7FB-6B92FCC3F9D4}.Release|Any CPU.Build.0 = Release|Any CPU
		{8FBA5D43-EBD3-4D5C-A7FB-6B92FCC3F9D4}.Release|x64.ActiveCfg = Release|Any CPU
		{8FBA5D43-EBD3-4D5C-A7FB-6B92FCC3F9D4}.Release|x64.Build.0 = Release|Any CPU
		{8FBA5D43-EBD3-4D5C-A7FB-6B92FCC3F9D4}.Release|x86.ActiveCfg = Release|Any CPU
		{8FBA5D43-EBD3-4D5C-A7FB-6B92FCC3F9D4}.Release|x86.Build.0 = Release|Any CPU
		{B1B66CE4-FF51-48EE-948B-8D2C2D368E6D}.Debug|Any CPU.ActiveCfg = Debug|Any CPU
		{B1B66CE4-FF51-48EE-948B-8D2C2D368E6D}.Debug|Any CPU.Build.0 = Debug|Any CPU
		{B1B66CE4-FF51-48EE-948B-8D2C2D368E6D}.Debug|x64.ActiveCfg = Debug|Any CPU
		{B1B66CE4-FF51-48EE-948B-8D2C2D368E6D}.Debug|x64.Build.0 = Debug|Any CPU
		{B1B66CE4-FF51-48EE-948B-8D2C2D368E6D}.Debug|x86.ActiveCfg = Debug|Any CPU
		{B1B66CE4-FF51-48EE-948B-8D2C2D368E6D}.Debug|x86.Build.0 = Debug|Any CPU
		{B1B66CE4-FF51-48EE-948B-8D2C2D368E6D}.Release|Any CPU.ActiveCfg = Release|Any CPU
		{B1B66CE4-FF51-48EE-948B-8D2C2D368E6D}.Release|Any CPU.Build.0 = Release|Any CPU
		{B1B66CE4-FF51-48EE-948B-8D2C2D368E6D}.Release|x64.ActiveCfg = Release|Any CPU
		{B1B66CE4-FF51-48EE-948B-8D2C2D368E6D}.Release|x64.Build.0 = Release|Any CPU
		{B1B66CE4-FF51-48EE-948B-8D2C2D368E6D}.Release|x86.ActiveCfg = Release|Any CPU
		{B1B66CE4-FF51-48EE-948B-8D2C2D368E6D}.Release|x86.Build.0 = Release|Any CPU
		{582B5600-7DF2-43E8-AC0D-74D40ADB59D1}.Debug|Any CPU.ActiveCfg = Debug|Any CPU
		{582B5600-7DF2-43E8-AC0D-74D40ADB59D1}.Debug|Any CPU.Build.0 = Debug|Any CPU
		{582B5600-7DF2-43E8-AC0D-74D40ADB59D1}.Debug|x64.ActiveCfg = Debug|Any CPU
		{582B5600-7DF2-43E8-AC0D-74D40ADB59D1}.Debug|x64.Build.0 = Debug|Any CPU
		{582B5600-7DF2-43E8-AC0D-74D40ADB59D1}.Debug|x86.ActiveCfg = Debug|Any CPU
		{582B5600-7DF2-43E8-AC0D-74D40ADB59D1}.Debug|x86.Build.0 = Debug|Any CPU
		{582B5600-7DF2-43E8-AC0D-74D40ADB59D1}.Release|Any CPU.ActiveCfg = Release|Any CPU
		{582B5600-7DF2-43E8-AC0D-74D40ADB59D1}.Release|Any CPU.Build.0 = Release|Any CPU
		{582B5600-7DF2-43E8-AC0D-74D40ADB59D1}.Release|x64.ActiveCfg = Release|Any CPU
		{582B5600-7DF2-43E8-AC0D-74D40ADB59D1}.Release|x64.Build.0 = Release|Any CPU
		{582B5600-7DF2-43E8-AC0D-74D40ADB59D1}.Release|x86.ActiveCfg = Release|Any CPU
		{582B5600-7DF2-43E8-AC0D-74D40ADB59D1}.Release|x86.Build.0 = Release|Any CPU
		{A9CB8913-C0B6-40EA-916C-4D7E527A7B1F}.Debug|Any CPU.ActiveCfg = Debug|Any CPU
		{A9CB8913-C0B6-40EA-916C-4D7E527A7B1F}.Debug|Any CPU.Build.0 = Debug|Any CPU
		{A9CB8913-C0B6-40EA-916C-4D7E527A7B1F}.Debug|x64.ActiveCfg = Debug|Any CPU
		{A9CB8913-C0B6-40EA-916C-4D7E527A7B1F}.Debug|x64.Build.0 = Debug|Any CPU
		{A9CB8913-C0B6-40EA-916C-4D7E527A7B1F}.Debug|x86.ActiveCfg = Debug|Any CPU
		{A9CB8913-C0B6-40EA-916C-4D7E527A7B1F}.Debug|x86.Build.0 = Debug|Any CPU
		{A9CB8913-C0B6-40EA-916C-4D7E527A7B1F}.Release|Any CPU.ActiveCfg = Release|Any CPU
		{A9CB8913-C0B6-40EA-916C-4D7E527A7B1F}.Release|Any CPU.Build.0 = Release|Any CPU
		{A9CB8913-C0B6-40EA-916C-4D7E527A7B1F}.Release|x64.ActiveCfg = Release|Any CPU
		{A9CB8913-C0B6-40EA-916C-4D7E527A7B1F}.Release|x64.Build.0 = Release|Any CPU
		{A9CB8913-C0B6-40EA-916C-4D7E527A7B1F}.Release|x86.ActiveCfg = Release|Any CPU
		{A9CB8913-C0B6-40EA-916C-4D7E527A7B1F}.Release|x86.Build.0 = Release|Any CPU
		{013BE93D-4199-4E89-9DB9-D28DC8619CDA}.Debug|Any CPU.ActiveCfg = Debug|Any CPU
		{013BE93D-4199-4E89-9DB9-D28DC8619CDA}.Debug|Any CPU.Build.0 = Debug|Any CPU
		{013BE93D-4199-4E89-9DB9-D28DC8619CDA}.Debug|x64.ActiveCfg = Debug|Any CPU
		{013BE93D-4199-4E89-9DB9-D28DC8619CDA}.Debug|x64.Build.0 = Debug|Any CPU
		{013BE93D-4199-4E89-9DB9-D28DC8619CDA}.Debug|x86.ActiveCfg = Debug|Any CPU
		{013BE93D-4199-4E89-9DB9-D28DC8619CDA}.Debug|x86.Build.0 = Debug|Any CPU
		{013BE93D-4199-4E89-9DB9-D28DC8619CDA}.Release|Any CPU.ActiveCfg = Release|Any CPU
		{013BE93D-4199-4E89-9DB9-D28DC8619CDA}.Release|Any CPU.Build.0 = Release|Any CPU
		{013BE93D-4199-4E89-9DB9-D28DC8619CDA}.Release|x64.ActiveCfg = Release|Any CPU
		{013BE93D-4199-4E89-9DB9-D28DC8619CDA}.Release|x64.Build.0 = Release|Any CPU
		{013BE93D-4199-4E89-9DB9-D28DC8619CDA}.Release|x86.ActiveCfg = Release|Any CPU
		{013BE93D-4199-4E89-9DB9-D28DC8619CDA}.Release|x86.Build.0 = Release|Any CPU
		{903BA845-0B6C-4BC2-8A57-A8FD2F4B7AD0}.Debug|Any CPU.ActiveCfg = Debug|Any CPU
		{903BA845-0B6C-4BC2-8A57-A8FD2F4B7AD0}.Debug|Any CPU.Build.0 = Debug|Any CPU
		{903BA845-0B6C-4BC2-8A57-A8FD2F4B7AD0}.Debug|x64.ActiveCfg = Debug|Any CPU
		{903BA845-0B6C-4BC2-8A57-A8FD2F4B7AD0}.Debug|x64.Build.0 = Debug|Any CPU
		{903BA845-0B6C-4BC2-8A57-A8FD2F4B7AD0}.Debug|x86.ActiveCfg = Debug|Any CPU
		{903BA845-0B6C-4BC2-8A57-A8FD2F4B7AD0}.Debug|x86.Build.0 = Debug|Any CPU
		{903BA845-0B6C-4BC2-8A57-A8FD2F4B7AD0}.Release|Any CPU.ActiveCfg = Release|Any CPU
		{903BA845-0B6C-4BC2-8A57-A8FD2F4B7AD0}.Release|Any CPU.Build.0 = Release|Any CPU
		{903BA845-0B6C-4BC2-8A57-A8FD2F4B7AD0}.Release|x64.ActiveCfg = Release|Any CPU
		{903BA845-0B6C-4BC2-8A57-A8FD2F4B7AD0}.Release|x64.Build.0 = Release|Any CPU
		{903BA845-0B6C-4BC2-8A57-A8FD2F4B7AD0}.Release|x86.ActiveCfg = Release|Any CPU
		{903BA845-0B6C-4BC2-8A57-A8FD2F4B7AD0}.Release|x86.Build.0 = Release|Any CPU
		{A9687659-6FA9-4EB4-B35B-47DE57C81293}.Debug|Any CPU.ActiveCfg = Debug|Any CPU
		{A9687659-6FA9-4EB4-B35B-47DE57C81293}.Debug|Any CPU.Build.0 = Debug|Any CPU
		{A9687659-6FA9-4EB4-B35B-47DE57C81293}.Debug|x64.ActiveCfg = Debug|Any CPU
		{A9687659-6FA9-4EB4-B35B-47DE57C81293}.Debug|x64.Build.0 = Debug|Any CPU
		{A9687659-6FA9-4EB4-B35B-47DE57C81293}.Debug|x86.ActiveCfg = Debug|Any CPU
		{A9687659-6FA9-4EB4-B35B-47DE57C81293}.Debug|x86.Build.0 = Debug|Any CPU
		{A9687659-6FA9-4EB4-B35B-47DE57C81293}.Release|Any CPU.ActiveCfg = Release|Any CPU
		{A9687659-6FA9-4EB4-B35B-47DE57C81293}.Release|Any CPU.Build.0 = Release|Any CPU
		{A9687659-6FA9-4EB4-B35B-47DE57C81293}.Release|x64.ActiveCfg = Release|Any CPU
		{A9687659-6FA9-4EB4-B35B-47DE57C81293}.Release|x64.Build.0 = Release|Any CPU
		{A9687659-6FA9-4EB4-B35B-47DE57C81293}.Release|x86.ActiveCfg = Release|Any CPU
		{A9687659-6FA9-4EB4-B35B-47DE57C81293}.Release|x86.Build.0 = Release|Any CPU
		{5D9762C8-5D8D-4CA3-A1C0-12B1A07F06E3}.Debug|Any CPU.ActiveCfg = Debug|Any CPU
		{5D9762C8-5D8D-4CA3-A1C0-12B1A07F06E3}.Debug|Any CPU.Build.0 = Debug|Any CPU
		{5D9762C8-5D8D-4CA3-A1C0-12B1A07F06E3}.Debug|x64.ActiveCfg = Debug|Any CPU
		{5D9762C8-5D8D-4CA3-A1C0-12B1A07F06E3}.Debug|x64.Build.0 = Debug|Any CPU
		{5D9762C8-5D8D-4CA3-A1C0-12B1A07F06E3}.Debug|x86.ActiveCfg = Debug|Any CPU
		{5D9762C8-5D8D-4CA3-A1C0-12B1A07F06E3}.Debug|x86.Build.0 = Debug|Any CPU
		{5D9762C8-5D8D-4CA3-A1C0-12B1A07F06E3}.Release|Any CPU.ActiveCfg = Release|Any CPU
		{5D9762C8-5D8D-4CA3-A1C0-12B1A07F06E3}.Release|Any CPU.Build.0 = Release|Any CPU
		{5D9762C8-5D8D-4CA3-A1C0-12B1A07F06E3}.Release|x64.ActiveCfg = Release|Any CPU
		{5D9762C8-5D8D-4CA3-A1C0-12B1A07F06E3}.Release|x64.Build.0 = Release|Any CPU
		{5D9762C8-5D8D-4CA3-A1C0-12B1A07F06E3}.Release|x86.ActiveCfg = Release|Any CPU
		{5D9762C8-5D8D-4CA3-A1C0-12B1A07F06E3}.Release|x86.Build.0 = Release|Any CPU
		{F93BBD5C-6AD5-4156-91B8-D4D7BF494156}.Debug|Any CPU.ActiveCfg = Debug|Any CPU
		{F93BBD5C-6AD5-4156-91B8-D4D7BF494156}.Debug|Any CPU.Build.0 = Debug|Any CPU
		{F93BBD5C-6AD5-4156-91B8-D4D7BF494156}.Debug|x64.ActiveCfg = Debug|Any CPU
		{F93BBD5C-6AD5-4156-91B8-D4D7BF494156}.Debug|x64.Build.0 = Debug|Any CPU
		{F93BBD5C-6AD5-4156-91B8-D4D7BF494156}.Debug|x86.ActiveCfg = Debug|Any CPU
		{F93BBD5C-6AD5-4156-91B8-D4D7BF494156}.Debug|x86.Build.0 = Debug|Any CPU
		{F93BBD5C-6AD5-4156-91B8-D4D7BF494156}.Release|Any CPU.ActiveCfg = Release|Any CPU
		{F93BBD5C-6AD5-4156-91B8-D4D7BF494156}.Release|Any CPU.Build.0 = Release|Any CPU
		{F93BBD5C-6AD5-4156-91B8-D4D7BF494156}.Release|x64.ActiveCfg = Release|Any CPU
		{F93BBD5C-6AD5-4156-91B8-D4D7BF494156}.Release|x64.Build.0 = Release|Any CPU
		{F93BBD5C-6AD5-4156-91B8-D4D7BF494156}.Release|x86.ActiveCfg = Release|Any CPU
		{F93BBD5C-6AD5-4156-91B8-D4D7BF494156}.Release|x86.Build.0 = Release|Any CPU
		{28990FF0-B4A6-4344-9573-81CD842AE787}.Debug|Any CPU.ActiveCfg = Debug|Any CPU
		{28990FF0-B4A6-4344-9573-81CD842AE787}.Debug|Any CPU.Build.0 = Debug|Any CPU
		{28990FF0-B4A6-4344-9573-81CD842AE787}.Debug|x64.ActiveCfg = Debug|Any CPU
		{28990FF0-B4A6-4344-9573-81CD842AE787}.Debug|x64.Build.0 = Debug|Any CPU
		{28990FF0-B4A6-4344-9573-81CD842AE787}.Debug|x86.ActiveCfg = Debug|Any CPU
		{28990FF0-B4A6-4344-9573-81CD842AE787}.Debug|x86.Build.0 = Debug|Any CPU
		{28990FF0-B4A6-4344-9573-81CD842AE787}.Release|Any CPU.ActiveCfg = Release|Any CPU
		{28990FF0-B4A6-4344-9573-81CD842AE787}.Release|Any CPU.Build.0 = Release|Any CPU
		{28990FF0-B4A6-4344-9573-81CD842AE787}.Release|x64.ActiveCfg = Release|Any CPU
		{28990FF0-B4A6-4344-9573-81CD842AE787}.Release|x64.Build.0 = Release|Any CPU
		{28990FF0-B4A6-4344-9573-81CD842AE787}.Release|x86.ActiveCfg = Release|Any CPU
		{28990FF0-B4A6-4344-9573-81CD842AE787}.Release|x86.Build.0 = Release|Any CPU
	EndGlobalSection
EndGlobal
